
Microsoft Visual Studio Solution File, Format Version 12.00
# Visual Studio Version 17
VisualStudioVersion = 17.13.35931.197 d17.13
MinimumVisualStudioVersion = 10.0.40219.1
Project("{FAE04EC0-301F-11D3-BF4B-00C04F79EFBC}") = "BilleteraVirtual.Server", "BilleteraVirtual.Server\BilleteraVirtual.Server\BilleteraVirtual.Server.csproj", "{E13C0A52-ED22-4FC1-BA05-590E4C545711}"
EndProject
Project("{FAE04EC0-301F-11D3-BF4B-00C04F79EFBC}") = "BilleteraVirtual.Server.Client", "BilleteraVirtual.Server\BilleteraVirtual.Server.Client\BilleteraVirtual.Server.Client.csproj", "{8A4685BB-A930-462F-9A08-F8B92FE49A02}"
EndProject
Global
	GlobalSection(SolutionConfigurationPlatforms) = preSolution
		Debug|Any CPU = Debug|Any CPU
		Release|Any CPU = Release|Any CPU
	EndGlobalSection
	GlobalSection(ProjectConfigurationPlatforms) = postSolution
		{E13C0A52-ED22-4FC1-BA05-590E4C545711}.Debug|Any CPU.ActiveCfg = Debug|Any CPU
		{E13C0A52-ED22-4FC1-BA05-590E4C545711}.Debug|Any CPU.Build.0 = Debug|Any CPU
		{E13C0A52-ED22-4FC1-BA05-590E4C545711}.Release|Any CPU.ActiveCfg = Release|Any CPU
		{E13C0A52-ED22-4FC1-BA05-590E4C545711}.Release|Any CPU.Build.0 = Release|Any CPU
		{8A4685BB-A930-462F-9A08-F8B92FE49A02}.Debug|Any CPU.ActiveCfg = Debug|Any CPU
		{8A4685BB-A930-462F-9A08-F8B92FE49A02}.Debug|Any CPU.Build.0 = Debug|Any CPU
		{8A4685BB-A930-462F-9A08-F8B92FE49A02}.Release|Any CPU.ActiveCfg = Release|Any CPU
		{8A4685BB-A930-462F-9A08-F8B92FE49A02}.Release|Any CPU.Build.0 = Release|Any CPU
	EndGlobalSection
	GlobalSection(SolutionProperties) = preSolution
		HideSolutionNode = FALSE
	EndGlobalSection
	GlobalSection(ExtensibilityGlobals) = postSolution
		SolutionGuid = {A727EBFE-6455-41F3-BEAB-1CC27CF6868F}
	EndGlobalSection
EndGlobal
